
Microsoft Visual Studio Solution File, Format Version 12.00
# Visual Studio Version 17
VisualStudioVersion = 17.12.35527.113
MinimumVisualStudioVersion = 10.0.40219.1
Project("{8BC9CEB8-8B4A-11D0-8D11-00A0C91BC942}") = "ProjectCPP", "ProjectCPP.vcxproj", "{31C53BDD-D1D7-4F52-A685-82254943802D}"
EndProject
Project("{2150E333-8FDC-42A3-9474-1A3956D46DE8}") = "CH01", "CH01", "{A1030E94-4619-4748-9B27-92006C559880}"
EndProject
Project("{8BC9CEB8-8B4A-11D0-8D11-00A0C91BC942}") = "Ch01", "..\Ch01\Ch01.vcxproj", "{273339F4-9373-4820-8C7A-6BC97B638DFA}"
EndProject
Project("{2150E333-8FDC-42A3-9474-1A3956D46DE8}") = "TOYPROJECT01", "TOYPROJECT01", "{D4200CD3-FD6A-4F3C-B8F3-6A9DBAA81B26}"
EndProject
Project("{8BC9CEB8-8B4A-11D0-8D11-00A0C91BC942}") = "ToyProject01", "..\ToyProject01\ToyProject01.vcxproj", "{48CD4051-62F2-4C4D-A28C-A9ADF37EE0F8}"
EndProject
Project("{2150E333-8FDC-42A3-9474-1A3956D46DE8}") = "CH02", "CH02", "{5FA7253F-A74F-4E70-BF73-7B962864A184}"
EndProject
Project("{8BC9CEB8-8B4A-11D0-8D11-00A0C91BC942}") = "Ch02", "..\Ch02\Ch02.vcxproj", "{AE249A3A-3D20-419D-8EE0-0078D61B2C4C}"
EndProject
Project("{2150E333-8FDC-42A3-9474-1A3956D46DE8}") = "CH03", "CH03", "{7A91E8F1-E5E5-4F05-975E-8E08207BF52C}"
EndProject
Project("{8BC9CEB8-8B4A-11D0-8D11-00A0C91BC942}") = "Ch03", "..\Ch03\Ch03.vcxproj", "{AA9D23C8-868D-4CE8-B90D-27BE08C98FE5}"
EndProject
Project("{2150E333-8FDC-42A3-9474-1A3956D46DE8}") = "CH04", "CH04", "{4EACEF77-432A-49DC-A6A7-02344BCABAAE}"
EndProject
Project("{8BC9CEB8-8B4A-11D0-8D11-00A0C91BC942}") = "Ch04", "..\Ch04\Ch04.vcxproj", "{FD7239E9-8E95-42A2-BA03-DA029D82B1FB}"
EndProject
Project("{2150E333-8FDC-42A3-9474-1A3956D46DE8}") = "CH05", "CH05", "{FB47F59D-EEDE-4AF4-A496-3A143779EA7B}"
EndProject
Project("{8BC9CEB8-8B4A-11D0-8D11-00A0C91BC942}") = "Ch05", "..\Ch05\Ch05.vcxproj", "{B289AD69-3BB5-48DF-85B7-7F824ACDADD2}"
EndProject
Project("{2150E333-8FDC-42A3-9474-1A3956D46DE8}") = "CH06", "CH06", "{0F14468D-483A-4612-B678-196D75A5E28D}"
EndProject
Project("{8BC9CEB8-8B4A-11D0-8D11-00A0C91BC942}") = "Ch06", "..\Ch06\Ch06.vcxproj", "{6366E493-26E6-4488-ADCF-1BD4926A34CB}"
EndProject
Project("{2150E333-8FDC-42A3-9474-1A3956D46DE8}") = "BattleSystem", "BattleSystem", "{692FDAB4-2EA3-49FC-8DFA-F481722435A5}"
EndProject
Project("{8BC9CEB8-8B4A-11D0-8D11-00A0C91BC942}") = "BattleSystem_", "..\BattleSystem_\BattleSystem_.vcxproj", "{5FDC6464-3960-4EE3-A72C-107477DC732A}"
EndProject
Project("{2150E333-8FDC-42A3-9474-1A3956D46DE8}") = "CH07", "CH07", "{D8C95A36-3D0A-4238-81A3-96F3924E92DA}"
EndProject
Project("{8BC9CEB8-8B4A-11D0-8D11-00A0C91BC942}") = "Ch07", "..\Ch07\Ch07.vcxproj", "{D60DDBAB-7268-402D-AC64-0578311EEA43}"
EndProject
Project("{2150E333-8FDC-42A3-9474-1A3956D46DE8}") = "CH08", "CH08", "{7DC62B28-B05E-4BD6-B5EE-4A0CD357012D}"
EndProject
Project("{8BC9CEB8-8B4A-11D0-8D11-00A0C91BC942}") = "Ch08", "..\Ch08\Ch08.vcxproj", "{72758E31-B3D8-4F5F-92C5-62F80ECB367F}"
EndProject
Project("{2150E333-8FDC-42A3-9474-1A3956D46DE8}") = "CH09", "CH09", "{971DFD5A-4B6F-4DD0-925D-96CE97BA481B}"
EndProject
Project("{8BC9CEB8-8B4A-11D0-8D11-00A0C91BC942}") = "Ch09", "..\Ch09\Ch09.vcxproj", "{BBD3498D-A92F-4DE8-A05B-0ADFA3AF4BB9}"
EndProject
Project("{2150E333-8FDC-42A3-9474-1A3956D46DE8}") = "CH10", "CH10", "{90E88A44-B8B1-4CCA-95D4-B20836EDA4DA}"
EndProject
Project("{8BC9CEB8-8B4A-11D0-8D11-00A0C91BC942}") = "Ch10", "..\Ch10\Ch10.vcxproj", "{B8FCC454-E979-4C90-A5DA-CC503B388F63}"
EndProject
Project("{2150E333-8FDC-42A3-9474-1A3956D46DE8}") = "Starcraft", "Starcraft", "{F759CB5E-F006-4903-8796-D6B617A73DCD}"
EndProject
Project("{8BC9CEB8-8B4A-11D0-8D11-00A0C91BC942}") = "starcraft_", "..\starcraft_\starcraft_.vcxproj", "{B6751C0B-FDD5-4BBD-9083-A76BDC6198B2}"
EndProject
Project("{2150E333-8FDC-42A3-9474-1A3956D46DE8}") = "CH11", "CH11", "{C8D5274F-AC00-46C7-1F8D-E88E81087A52}"
EndProject
Project("{8BC9CEB8-8B4A-11D0-8D11-00A0C91BC942}") = "Ch11", "..\Ch11\Ch11.vcxproj", "{558305C3-E005-4BB1-A463-EE5159A27A28}"
EndProject
Project("{2150E333-8FDC-42A3-9474-1A3956D46DE8}") = "CH12", "CH12", "{C2DD986D-C474-4CDF-990D-CEA5618B0EDE}"
EndProject
Project("{8BC9CEB8-8B4A-11D0-8D11-00A0C91BC942}") = "Ch12", "..\Ch12\Ch12.vcxproj", "{9880683F-8C59-45E9-B31C-9E961501130C}"
EndProject
Global
	GlobalSection(SolutionConfigurationPlatforms) = preSolution
		Debug|x64 = Debug|x64
		Debug|x86 = Debug|x86
		Release|x64 = Release|x64
		Release|x86 = Release|x86
	EndGlobalSection
	GlobalSection(ProjectConfigurationPlatforms) = postSolution
		{31C53BDD-D1D7-4F52-A685-82254943802D}.Debug|x64.ActiveCfg = Debug|x64
		{31C53BDD-D1D7-4F52-A685-82254943802D}.Debug|x64.Build.0 = Debug|x64
		{31C53BDD-D1D7-4F52-A685-82254943802D}.Debug|x86.ActiveCfg = Debug|Win32
		{31C53BDD-D1D7-4F52-A685-82254943802D}.Debug|x86.Build.0 = Debug|Win32
		{31C53BDD-D1D7-4F52-A685-82254943802D}.Release|x64.ActiveCfg = Release|x64
		{31C53BDD-D1D7-4F52-A685-82254943802D}.Release|x64.Build.0 = Release|x64
		{31C53BDD-D1D7-4F52-A685-82254943802D}.Release|x86.ActiveCfg = Release|Win32
		{31C53BDD-D1D7-4F52-A685-82254943802D}.Release|x86.Build.0 = Release|Win32
		{273339F4-9373-4820-8C7A-6BC97B638DFA}.Debug|x64.ActiveCfg = Debug|x64
		{273339F4-9373-4820-8C7A-6BC97B638DFA}.Debug|x64.Build.0 = Debug|x64
		{273339F4-9373-4820-8C7A-6BC97B638DFA}.Debug|x86.ActiveCfg = Debug|Win32
		{273339F4-9373-4820-8C7A-6BC97B638DFA}.Debug|x86.Build.0 = Debug|Win32
		{273339F4-9373-4820-8C7A-6BC97B638DFA}.Release|x64.ActiveCfg = Release|x64
		{273339F4-9373-4820-8C7A-6BC97B638DFA}.Release|x64.Build.0 = Release|x64
		{273339F4-9373-4820-8C7A-6BC97B638DFA}.Release|x86.ActiveCfg = Release|Win32
		{273339F4-9373-4820-8C7A-6BC97B638DFA}.Release|x86.Build.0 = Release|Win32
		{48CD4051-62F2-4C4D-A28C-A9ADF37EE0F8}.Debug|x64.ActiveCfg = Debug|x64
		{48CD4051-62F2-4C4D-A28C-A9ADF37EE0F8}.Debug|x64.Build.0 = Debug|x64
		{48CD4051-62F2-4C4D-A28C-A9ADF37EE0F8}.Debug|x86.ActiveCfg = Debug|Win32
		{48CD4051-62F2-4C4D-A28C-A9ADF37EE0F8}.Debug|x86.Build.0 = Debug|Win32
		{48CD4051-62F2-4C4D-A28C-A9ADF37EE0F8}.Release|x64.ActiveCfg = Release|x64
		{48CD4051-62F2-4C4D-A28C-A9ADF37EE0F8}.Release|x64.Build.0 = Release|x64
		{48CD4051-62F2-4C4D-A28C-A9ADF37EE0F8}.Release|x86.ActiveCfg = Release|Win32
		{48CD4051-62F2-4C4D-A28C-A9ADF37EE0F8}.Release|x86.Build.0 = Release|Win32
		{AE249A3A-3D20-419D-8EE0-0078D61B2C4C}.Debug|x64.ActiveCfg = Debug|x64
		{AE249A3A-3D20-419D-8EE0-0078D61B2C4C}.Debug|x64.Build.0 = Debug|x64
		{AE249A3A-3D20-419D-8EE0-0078D61B2C4C}.Debug|x86.ActiveCfg = Debug|Win32
		{AE249A3A-3D20-419D-8EE0-0078D61B2C4C}.Debug|x86.Build.0 = Debug|Win32
		{AE249A3A-3D20-419D-8EE0-0078D61B2C4C}.Release|x64.ActiveCfg = Release|x64
		{AE249A3A-3D20-419D-8EE0-0078D61B2C4C}.Release|x64.Build.0 = Release|x64
		{AE249A3A-3D20-419D-8EE0-0078D61B2C4C}.Release|x86.ActiveCfg = Release|Win32
		{AE249A3A-3D20-419D-8EE0-0078D61B2C4C}.Release|x86.Build.0 = Release|Win32
		{AA9D23C8-868D-4CE8-B90D-27BE08C98FE5}.Debug|x64.ActiveCfg = Debug|x64
		{AA9D23C8-868D-4CE8-B90D-27BE08C98FE5}.Debug|x64.Build.0 = Debug|x64
		{AA9D23C8-868D-4CE8-B90D-27BE08C98FE5}.Debug|x86.ActiveCfg = Debug|Win32
		{AA9D23C8-868D-4CE8-B90D-27BE08C98FE5}.Debug|x86.Build.0 = Debug|Win32
		{AA9D23C8-868D-4CE8-B90D-27BE08C98FE5}.Release|x64.ActiveCfg = Release|x64
		{AA9D23C8-868D-4CE8-B90D-27BE08C98FE5}.Release|x64.Build.0 = Release|x64
		{AA9D23C8-868D-4CE8-B90D-27BE08C98FE5}.Release|x86.ActiveCfg = Release|Win32
		{AA9D23C8-868D-4CE8-B90D-27BE08C98FE5}.Release|x86.Build.0 = Release|Win32
		{FD7239E9-8E95-42A2-BA03-DA029D82B1FB}.Debug|x64.ActiveCfg = Debug|x64
		{FD7239E9-8E95-42A2-BA03-DA029D82B1FB}.Debug|x64.Build.0 = Debug|x64
		{FD7239E9-8E95-42A2-BA03-DA029D82B1FB}.Debug|x86.ActiveCfg = Debug|Win32
		{FD7239E9-8E95-42A2-BA03-DA029D82B1FB}.Debug|x86.Build.0 = Debug|Win32
		{FD7239E9-8E95-42A2-BA03-DA029D82B1FB}.Release|x64.ActiveCfg = Release|x64
		{FD7239E9-8E95-42A2-BA03-DA029D82B1FB}.Release|x64.Build.0 = Release|x64
		{FD7239E9-8E95-42A2-BA03-DA029D82B1FB}.Release|x86.ActiveCfg = Release|Win32
		{FD7239E9-8E95-42A2-BA03-DA029D82B1FB}.Release|x86.Build.0 = Release|Win32
		{B289AD69-3BB5-48DF-85B7-7F824ACDADD2}.Debug|x64.ActiveCfg = Debug|x64
		{B289AD69-3BB5-48DF-85B7-7F824ACDADD2}.Debug|x64.Build.0 = Debug|x64
		{B289AD69-3BB5-48DF-85B7-7F824ACDADD2}.Debug|x86.ActiveCfg = Debug|Win32
		{B289AD69-3BB5-48DF-85B7-7F824ACDADD2}.Debug|x86.Build.0 = Debug|Win32
		{B289AD69-3BB5-48DF-85B7-7F824ACDADD2}.Release|x64.ActiveCfg = Release|x64
		{B289AD69-3BB5-48DF-85B7-7F824ACDADD2}.Release|x64.Build.0 = Release|x64
		{B289AD69-3BB5-48DF-85B7-7F824ACDADD2}.Release|x86.ActiveCfg = Release|Win32
		{B289AD69-3BB5-48DF-85B7-7F824ACDADD2}.Release|x86.Build.0 = Release|Win32
		{6366E493-26E6-4488-ADCF-1BD4926A34CB}.Debug|x64.ActiveCfg = Debug|x64
		{6366E493-26E6-4488-ADCF-1BD4926A34CB}.Debug|x64.Build.0 = Debug|x64
		{6366E493-26E6-4488-ADCF-1BD4926A34CB}.Debug|x86.ActiveCfg = Debug|Win32
		{6366E493-26E6-4488-ADCF-1BD4926A34CB}.Debug|x86.Build.0 = Debug|Win32
		{6366E493-26E6-4488-ADCF-1BD4926A34CB}.Release|x64.ActiveCfg = Release|x64
		{6366E493-26E6-4488-ADCF-1BD4926A34CB}.Release|x64.Build.0 = Release|x64
		{6366E493-26E6-4488-ADCF-1BD4926A34CB}.Release|x86.ActiveCfg = Release|Win32
		{6366E493-26E6-4488-ADCF-1BD4926A34CB}.Release|x86.Build.0 = Release|Win32
		{5FDC6464-3960-4EE3-A72C-107477DC732A}.Debug|x64.ActiveCfg = Debug|x64
		{5FDC6464-3960-4EE3-A72C-107477DC732A}.Debug|x64.Build.0 = Debug|x64
		{5FDC6464-3960-4EE3-A72C-107477DC732A}.Debug|x86.ActiveCfg = Debug|Win32
		{5FDC6464-3960-4EE3-A72C-107477DC732A}.Debug|x86.Build.0 = Debug|Win32
		{5FDC6464-3960-4EE3-A72C-107477DC732A}.Release|x64.ActiveCfg = Release|x64
		{5FDC6464-3960-4EE3-A72C-107477DC732A}.Release|x64.Build.0 = Release|x64
		{5FDC6464-3960-4EE3-A72C-107477DC732A}.Release|x86.ActiveCfg = Release|Win32
		{5FDC6464-3960-4EE3-A72C-107477DC732A}.Release|x86.Build.0 = Release|Win32
		{D60DDBAB-7268-402D-AC64-0578311EEA43}.Debug|x64.ActiveCfg = Debug|x64
		{D60DDBAB-7268-402D-AC64-0578311EEA43}.Debug|x64.Build.0 = Debug|x64
		{D60DDBAB-7268-402D-AC64-0578311EEA43}.Debug|x86.ActiveCfg = Debug|Win32
		{D60DDBAB-7268-402D-AC64-0578311EEA43}.Debug|x86.Build.0 = Debug|Win32
		{D60DDBAB-7268-402D-AC64-0578311EEA43}.Release|x64.ActiveCfg = Release|x64
		{D60DDBAB-7268-402D-AC64-0578311EEA43}.Release|x64.Build.0 = Release|x64
		{D60DDBAB-7268-402D-AC64-0578311EEA43}.Release|x86.ActiveCfg = Release|Win32
		{D60DDBAB-7268-402D-AC64-0578311EEA43}.Release|x86.Build.0 = Release|Win32
		{72758E31-B3D8-4F5F-92C5-62F80ECB367F}.Debug|x64.ActiveCfg = Debug|x64
		{72758E31-B3D8-4F5F-92C5-62F80ECB367F}.Debug|x64.Build.0 = Debug|x64
		{72758E31-B3D8-4F5F-92C5-62F80ECB367F}.Debug|x86.ActiveCfg = Debug|Win32
		{72758E31-B3D8-4F5F-92C5-62F80ECB367F}.Debug|x86.Build.0 = Debug|Win32
		{72758E31-B3D8-4F5F-92C5-62F80ECB367F}.Release|x64.ActiveCfg = Release|x64
		{72758E31-B3D8-4F5F-92C5-62F80ECB367F}.Release|x64.Build.0 = Release|x64
		{72758E31-B3D8-4F5F-92C5-62F80ECB367F}.Release|x86.ActiveCfg = Release|Win32
		{72758E31-B3D8-4F5F-92C5-62F80ECB367F}.Release|x86.Build.0 = Release|Win32
		{BBD3498D-A92F-4DE8-A05B-0ADFA3AF4BB9}.Debug|x64.ActiveCfg = Debug|x64
		{BBD3498D-A92F-4DE8-A05B-0ADFA3AF4BB9}.Debug|x64.Build.0 = Debug|x64
		{BBD3498D-A92F-4DE8-A05B-0ADFA3AF4BB9}.Debug|x86.ActiveCfg = Debug|Win32
		{BBD3498D-A92F-4DE8-A05B-0ADFA3AF4BB9}.Debug|x86.Build.0 = Debug|Win32
		{BBD3498D-A92F-4DE8-A05B-0ADFA3AF4BB9}.Release|x64.ActiveCfg = Release|x64
		{BBD3498D-A92F-4DE8-A05B-0ADFA3AF4BB9}.Release|x64.Build.0 = Release|x64
		{BBD3498D-A92F-4DE8-A05B-0ADFA3AF4BB9}.Release|x86.ActiveCfg = Release|Win32
		{BBD3498D-A92F-4DE8-A05B-0ADFA3AF4BB9}.Release|x86.Build.0 = Release|Win32
		{B8FCC454-E979-4C90-A5DA-CC503B388F63}.Debug|x64.ActiveCfg = Debug|x64
		{B8FCC454-E979-4C90-A5DA-CC503B388F63}.Debug|x64.Build.0 = Debug|x64
		{B8FCC454-E979-4C90-A5DA-CC503B388F63}.Debug|x86.ActiveCfg = Debug|Win32
		{B8FCC454-E979-4C90-A5DA-CC503B388F63}.Debug|x86.Build.0 = Debug|Win32
		{B8FCC454-E979-4C90-A5DA-CC503B388F63}.Release|x64.ActiveCfg = Release|x64
		{B8FCC454-E979-4C90-A5DA-CC503B388F63}.Release|x64.Build.0 = Release|x64
		{B8FCC454-E979-4C90-A5DA-CC503B388F63}.Release|x86.ActiveCfg = Release|Win32
		{B8FCC454-E979-4C90-A5DA-CC503B388F63}.Release|x86.Build.0 = Release|Win32
		{B6751C0B-FDD5-4BBD-9083-A76BDC6198B2}.Debug|x64.ActiveCfg = Debug|x64
		{B6751C0B-FDD5-4BBD-9083-A76BDC6198B2}.Debug|x64.Build.0 = Debug|x64
		{B6751C0B-FDD5-4BBD-9083-A76BDC6198B2}.Debug|x86.ActiveCfg = Debug|Win32
		{B6751C0B-FDD5-4BBD-9083-A76BDC6198B2}.Debug|x86.Build.0 = Debug|Win32
		{B6751C0B-FDD5-4BBD-9083-A76BDC6198B2}.Release|x64.ActiveCfg = Release|x64
		{B6751C0B-FDD5-4BBD-9083-A76BDC6198B2}.Release|x64.Build.0 = Release|x64
		{B6751C0B-FDD5-4BBD-9083-A76BDC6198B2}.Release|x86.ActiveCfg = Release|Win32
		{B6751C0B-FDD5-4BBD-9083-A76BDC6198B2}.Release|x86.Build.0 = Release|Win32
		{558305C3-E005-4BB1-A463-EE5159A27A28}.Debug|x64.ActiveCfg = Debug|x64
		{558305C3-E005-4BB1-A463-EE5159A27A28}.Debug|x64.Build.0 = Debug|x64
		{558305C3-E005-4BB1-A463-EE5159A27A28}.Debug|x86.ActiveCfg = Debug|Win32
		{558305C3-E005-4BB1-A463-EE5159A27A28}.Debug|x86.Build.0 = Debug|Win32
		{558305C3-E005-4BB1-A463-EE5159A27A28}.Release|x64.ActiveCfg = Release|x64
		{558305C3-E005-4BB1-A463-EE5159A27A28}.Release|x64.Build.0 = Release|x64
		{558305C3-E005-4BB1-A463-EE5159A27A28}.Release|x86.ActiveCfg = Release|Win32
		{558305C3-E005-4BB1-A463-EE5159A27A28}.Release|x86.Build.0 = Release|Win32
		{9880683F-8C59-45E9-B31C-9E961501130C}.Debug|x64.ActiveCfg = Debug|x64
		{9880683F-8C59-45E9-B31C-9E961501130C}.Debug|x64.Build.0 = Debug|x64
		{9880683F-8C59-45E9-B31C-9E961501130C}.Debug|x86.ActiveCfg = Debug|Win32
		{9880683F-8C59-45E9-B31C-9E961501130C}.Debug|x86.Build.0 = Debug|Win32
		{9880683F-8C59-45E9-B31C-9E961501130C}.Release|x64.ActiveCfg = Release|x64
		{9880683F-8C59-45E9-B31C-9E961501130C}.Release|x64.Build.0 = Release|x64
		{9880683F-8C59-45E9-B31C-9E961501130C}.Release|x86.ActiveCfg = Release|Win32
		{9880683F-8C59-45E9-B31C-9E961501130C}.Release|x86.Build.0 = Release|Win32
	EndGlobalSection
	GlobalSection(SolutionProperties) = preSolution
		HideSolutionNode = FALSE
	EndGlobalSection
	GlobalSection(NestedProjects) = preSolution
		{273339F4-9373-4820-8C7A-6BC97B638DFA} = {A1030E94-4619-4748-9B27-92006C559880}
		{48CD4051-62F2-4C4D-A28C-A9ADF37EE0F8} = {D4200CD3-FD6A-4F3C-B8F3-6A9DBAA81B26}
		{AE249A3A-3D20-419D-8EE0-0078D61B2C4C} = {5FA7253F-A74F-4E70-BF73-7B962864A184}
		{AA9D23C8-868D-4CE8-B90D-27BE08C98FE5} = {7A91E8F1-E5E5-4F05-975E-8E08207BF52C}
		{FD7239E9-8E95-42A2-BA03-DA029D82B1FB} = {4EACEF77-432A-49DC-A6A7-02344BCABAAE}
		{B289AD69-3BB5-48DF-85B7-7F824ACDADD2} = {FB47F59D-EEDE-4AF4-A496-3A143779EA7B}
		{6366E493-26E6-4488-ADCF-1BD4926A34CB} = {0F14468D-483A-4612-B678-196D75A5E28D}
		{5FDC6464-3960-4EE3-A72C-107477DC732A} = {692FDAB4-2EA3-49FC-8DFA-F481722435A5}
		{D60DDBAB-7268-402D-AC64-0578311EEA43} = {D8C95A36-3D0A-4238-81A3-96F3924E92DA}
		{72758E31-B3D8-4F5F-92C5-62F80ECB367F} = {7DC62B28-B05E-4BD6-B5EE-4A0CD357012D}
		{BBD3498D-A92F-4DE8-A05B-0ADFA3AF4BB9} = {971DFD5A-4B6F-4DD0-925D-96CE97BA481B}
		{B8FCC454-E979-4C90-A5DA-CC503B388F63} = {90E88A44-B8B1-4CCA-95D4-B20836EDA4DA}
		{B6751C0B-FDD5-4BBD-9083-A76BDC6198B2} = {F759CB5E-F006-4903-8796-D6B617A73DCD}
		{558305C3-E005-4BB1-A463-EE5159A27A28} = {C8D5274F-AC00-46C7-1F8D-E88E81087A52}
		{9880683F-8C59-45E9-B31C-9E961501130C} = {C2DD986D-C474-4CDF-990D-CEA5618B0EDE}
	EndGlobalSection
	GlobalSection(ExtensibilityGlobals) = postSolution
		SolutionGuid = {71E3719F-0BA5-45A1-A13B-A1B71251E0F3}
	EndGlobalSection
EndGlobal
